{
  "name": "utilities",
  "lockfileVersion": 3,
  "requires": true,
  "packages": {
    "": {
      "dependencies": {
        "@lottiefiles/dotlottie-wc": "^0.6.4",
        "air-datepicker": "^3.5.0",
        "autosize": "^6.0.1",
        "custom-select": "^1.1.15",
        "formbouncerjs": "^1.4.6",
        "gsap": "^3.12.5",
        "lottie-web": "^5.12.2",
        "pjax": "^0.2.8"
      }
    },
    "node_modules/@lit-labs/ssr-dom-shim": {
      "version": "1.4.0",
      "resolved": "https://registry.npmjs.org/@lit-labs/ssr-dom-shim/-/ssr-dom-shim-1.4.0.tgz",
      "integrity": "sha512-ficsEARKnmmW5njugNYKipTm4SFnbik7CXtoencDZzmzo/dQ+2Q0bgkzJuoJP20Aj0F+izzJjOqsnkd6F/o1bw=="
    },
    "node_modules/@lit/reactive-element": {
      "version": "2.1.1",
      "resolved": "https://registry.npmjs.org/@lit/reactive-element/-/reactive-element-2.1.1.tgz",
      "integrity": "sha512-N+dm5PAYdQ8e6UlywyyrgI2t++wFGXfHx+dSJ1oBrg6FAxUj40jId++EaRm80MKX5JnlH1sBsyZ5h0bcZKemCg==",
      "dependencies": {
        "@lit-labs/ssr-dom-shim": "^1.4.0"
      }
    },
    "node_modules/@lottiefiles/dotlottie-wc": {
      "version": "0.6.4",
      "resolved": "https://registry.npmjs.org/@lottiefiles/dotlottie-wc/-/dotlottie-wc-0.6.4.tgz",
      "integrity": "sha512-hiroclCARVCAFRsrPIbYU+qLeMUDRuBa6Rs58mzDo5kbbe6PFOqzGFikVun4hoLmQx7JvCxUilyeqNOVBxEdgA==",
      "dependencies": {
        "@lottiefiles/dotlottie-web": "0.49.0",
        "lit": "^3.2.1"
      }
    },
    "node_modules/@lottiefiles/dotlottie-web": {
      "version": "0.49.0",
      "resolved": "https://registry.npmjs.org/@lottiefiles/dotlottie-web/-/dotlottie-web-0.49.0.tgz",
      "integrity": "sha512-SQ8sDrUrGMM24QWjs0n863SKobMSB9Plz8gbte9RYnLc4TfmQoWxjFgGBTlbGnh/aTQvtpxOxX2ueBohCsCaRQ=="
    },
    "node_modules/@types/trusted-types": {
      "version": "2.0.7",
      "resolved": "https://registry.npmjs.org/@types/trusted-types/-/trusted-types-2.0.7.tgz",
      "integrity": "sha512-ScaPdn1dQczgbl0QFTeTOmVHFULt394XJgOQNoyVhZ6r2vLnMLJfBPd53SB52T/3G36VI1/g2MZaX0cwDuXsfw=="
    },
    "node_modules/air-datepicker": {
      "version": "3.5.0",
      "resolved": "https://registry.npmjs.org/air-datepicker/-/air-datepicker-3.5.0.tgz",
      "integrity": "sha512-WOpn1MaSl5drcXSwkXg5Gh/jXX/VFfamNnIb8E43AY4UKuW/bNEW06e3GGsiWLDBQLabD22L6b6cP7KHnAy54w=="
    },
    "node_modules/autosize": {
      "version": "6.0.1",
      "resolved": "https://registry.npmjs.org/autosize/-/autosize-6.0.1.tgz",
      "integrity": "sha512-f86EjiUKE6Xvczc4ioP1JBlWG7FKrE13qe/DxBCpe8GCipCq2nFw73aO8QEBKHfSbYGDN5eB9jXWKen7tspDqQ=="
    },
    "node_modules/custom-event-polyfill": {
      "version": "0.3.0",
      "resolved": "https://registry.npmjs.org/custom-event-polyfill/-/custom-event-polyfill-0.3.0.tgz",
      "integrity": "sha512-dgGyHwa3sJVUVgnF1IQmPnco4SdAJKllCDXL2W7wyw70vchJTSubthvyjlrxUagc4QZrHq31Dz7p6tzukJ0OgA=="
    },
    "node_modules/custom-select": {
      "version": "1.1.15",
      "resolved": "https://registry.npmjs.org/custom-select/-/custom-select-1.1.15.tgz",
      "integrity": "sha512-hkxx4atVZ6sj0auhgtPPHa8tKuGGkhwrgBZatxOMSLUAVbljQklMzPAqs/H+t8SYPHRL2AFwUJuRiKtq4MltSA==",
      "dependencies": {
        "custom-event-polyfill": "^0.3.0"
      }
    },
    "node_modules/formbouncerjs": {
      "version": "1.4.6",
      "resolved": "https://registry.npmjs.org/formbouncerjs/-/formbouncerjs-1.4.6.tgz",
      "integrity": "sha512-uQL/ZFs5w79RPtgtPbmL8HTKrsEK2q7Fph/uBqe4sFNXIszcrVmHcJ3aj5sB4OTsFbV6igQX9819f/f5t5Wjgg=="
    },
    "node_modules/gsap": {
      "version": "3.12.5",
      "resolved": "https://registry.npmjs.org/gsap/-/gsap-3.12.5.tgz",
      "integrity": "sha512-srBfnk4n+Oe/ZnMIOXt3gT605BX9x5+rh/prT2F1SsNJsU1XuMiP0E2aptW481OnonOGACZWBqseH5Z7csHxhQ=="
    },
    "node_modules/lit": {
      "version": "3.3.1",
      "resolved": "https://registry.npmjs.org/lit/-/lit-3.3.1.tgz",
      "integrity": "sha512-Ksr/8L3PTapbdXJCk+EJVB78jDodUMaP54gD24W186zGRARvwrsPfS60wae/SSCTCNZVPd1chXqio1qHQmu4NA==",
      "dependencies": {
        "@lit/reactive-element": "^2.1.0",
        "lit-element": "^4.2.0",
        "lit-html": "^3.3.0"
      }
    },
    "node_modules/lit-element": {
      "version": "4.2.1",
      "resolved": "https://registry.npmjs.org/lit-element/-/lit-element-4.2.1.tgz",
      "integrity": "sha512-WGAWRGzirAgyphK2urmYOV72tlvnxw7YfyLDgQ+OZnM9vQQBQnumQ7jUJe6unEzwGU3ahFOjuz1iz1jjrpCPuw==",
      "dependencies": {
        "@lit-labs/ssr-dom-shim": "^1.4.0",
        "@lit/reactive-element": "^2.1.0",
        "lit-html": "^3.3.0"
      }
    },
    "node_modules/lit-html": {
      "version": "3.3.1",
      "resolved": "https://registry.npmjs.org/lit-html/-/lit-html-3.3.1.tgz",
      "integrity": "sha512-S9hbyDu/vs1qNrithiNyeyv64c9yqiW9l+DBgI18fL+MTvOtWoFR0FWiyq1TxaYef5wNlpEmzlXoBlZEO+WjoA==",
      "dependencies": {
        "@types/trusted-types": "^2.0.2"
      }
    },
    "node_modules/lottie-web": {
      "version": "5.12.2",
      "resolved": "https://registry.npmjs.org/lottie-web/-/lottie-web-5.12.2.tgz",
      "integrity": "sha512-uvhvYPC8kGPjXT3MyKMrL3JitEAmDMp30lVkuq/590Mw9ok6pWcFCwXJveo0t5uqYw1UREQHofD+jVpdjBv8wg=="
    },
    "node_modules/pjax": {
      "version": "0.2.8",
      "resolved": "https://registry.npmjs.org/pjax/-/pjax-0.2.8.tgz",
      "integrity": "sha512-IeVXXIZJzxVDYzV2Td5MZkWJcny8JRCz2dQ1xxhIUbIFgP+08ymV7WXVtbF8NlUd2MZKH1cNvhuTOd2QAOGcOg=="
    }
  }
}
